
Microsoft Visual Studio Solution File, Format Version 12.00
# Visual Studio 15
VisualStudioVersion = 15.0.28010.2003
MinimumVisualStudioVersion = 10.0.40219.1
Project("{FAE04EC0-301F-11D3-BF4B-00C04F79EFBC}") = "VicGenesis", "VicGenesis\VicGenesis.csproj", "{401CF310-3357-4B84-9AB0-B777C6957A00}"
EndProject
Global
	GlobalSection(SolutionConfigurationPlatforms) = preSolution
		Debug|Any CPU = Debug|Any CPU
		Release|Any CPU = Release|Any CPU
	EndGlobalSection
	GlobalSection(ProjectConfigurationPlatforms) = postSolution
		{401CF310-3357-4B84-9AB0-B777C6957A00}.Debug|Any CPU.ActiveCfg = Debug|Any CPU
		{401CF310-3357-4B84-9AB0-B777C6957A00}.Debug|Any CPU.Build.0 = Debug|Any CPU
		{401CF310-3357-4B84-9AB0-B777C6957A00}.Release|Any CPU.ActiveCfg = Release|Any CPU
		{401CF310-3357-4B84-9AB0-B777C6957A00}.Release|Any CPU.Build.0 = Release|Any CPU
	EndGlobalSection
	GlobalSection(SolutionProperties) = preSolution
		HideSolutionNode = FALSE
	EndGlobalSection
	GlobalSection(ExtensibilityGlobals) = postSolution
		SolutionGuid = {2A47FC8C-001B-4C86-82A5-00B41A5FE5BC}
	EndGlobalSection
EndGlobal
